<?xml version="1.0" encoding="utf-8"?>
<Project ToolsVersion="4.0" xmlns="http://schemas.microsoft.com/developer/msbuild/2003">
  <ItemGroup>
    <Filter Include="源文件">
      <UniqueIdentifier>{4FC737F1-C7A5-4376-A066-2A32D752A2FF}</UniqueIdentifier>
      <Extensions>cpp;c;cc;cxx;def;odl;idl;hpj;bat;asm;asmx</Extensions>
    </Filter>
    <Filter Include="头文件">
      <UniqueIdentifier>{93995380-89BD-4b04-88EB-625FBE52EBFB}</UniqueIdentifier>
      <Extensions>h;hh;hpp;hxx;hm;inl;inc;xsd</Extensions>
    </Filter>
    <Filter Include="资源文件">
      <UniqueIdentifier>{67DA6AB6-F800-4c08-8B7A-83BB121AAD01}</UniqueIdentifier>
      <Extensions>rc;ico;cur;bmp;dlg;rc2;rct;bin;rgs;gif;jpg;jpeg;jpe;resx;tiff;tif;png;wav;mfcribbon-ms</Extensions>
    </Filter>
    <Filter Include="RenderSystem">
      <UniqueIdentifier>{7d8d71a9-65fe-4194-b432-6410d535b42d}</UniqueIdentifier>
    </Filter>
    <Filter Include="PlatForm">
      <UniqueIdentifier>{a5f1845f-95d4-4d94-8db5-6b20eac1c442}</UniqueIdentifier>
    </Filter>
    <Filter Include="PlatForm\Win32">
      <UniqueIdentifier>{2af666e6-57f8-44d3-ba85-b45c03bb1c22}</UniqueIdentifier>
    </Filter>
  </ItemGroup>
  <ItemGroup>
    <Text Include="ReadMe.txt" />
  </ItemGroup>
  <ItemGroup>
    <ClInclude Include="..\GlRenderSrc\Prerequisites.h">
      <Filter>头文件</Filter>
    </ClInclude>
    <ClInclude Include="..\GlRenderSrc\RendererGL330.h">
      <Filter>RenderSystem</Filter>
    </ClInclude>
    <ClInclude Include="..\GlRenderSrc\DeviceRenderContext.h">
      <Filter>PlatForm</Filter>
    </ClInclude>
    <ClInclude Include="..\GlRenderSrc\RenderContextWin32.h">
      <Filter>PlatForm\Win32</Filter>
    </ClInclude>
  </ItemGroup>
  <ItemGroup>
    <ClCompile Include="..\GlRenderSrc\dllmain.cpp">
      <Filter>头文件</Filter>
    </ClCompile>
    <ClCompile Include="..\GlRenderSrc\RendererGL330.cpp">
      <Filter>RenderSystem</Filter>
    </ClCompile>
    <ClCompile Include="..\GlRenderSrc\RenderContextWin32.cpp">
      <Filter>PlatForm\Win32</Filter>
    </ClCompile>
  </ItemGroup>
</Project>